{
  "name": "api-client-plumbing",
  "version": "1.0.0",
  "lockfileVersion": 1,
  "requires": true,
  "dependencies": {
    "@openfinance/http-errors": {
      "version": "1.3.0",
      "resolved": "https://registry.npmjs.org/@openfinance/http-errors/-/http-errors-1.3.0.tgz",
      "integrity": "sha512-/rZcdUyZ9QQzuE2g4lgdQJGff3z5yKJ7JprulKQFuSgSql4qT2XUykTG/gRZ/bKMNVQYqNKbEQmCcQRUchOV2g=="
    },
    "@types/js-base64": {
      "version": "2.3.1",
      "resolved": "https://registry.npmjs.org/@types/js-base64/-/js-base64-2.3.1.tgz",
      "integrity": "sha512-4RKbhIDGC87s4EBy2Cp2/5S2O6kmCRcZnD5KRCq1q9z2GhBte1+BdsfVKCpG8yKpDGNyEE2G6IqFIh6W2YwWPA==",
      "dev": true
    },
    "@types/node": {
      "version": "10.14.12",
      "resolved": "https://registry.npmjs.org/@types/node/-/node-10.14.12.tgz",
      "integrity": "sha512-QcAKpaO6nhHLlxWBvpc4WeLrTvPqlHOvaj0s5GriKkA1zq+bsFBPpfYCvQhLqLgYlIko8A9YrPdaMHCo5mBcpg==",
      "dev": true
    },
    "js-base64": {
      "version": "2.5.1",
      "resolved": "https://registry.npmjs.org/js-base64/-/js-base64-2.5.1.tgz",
      "integrity": "sha512-M7kLczedRMYX4L8Mdh4MzyAMM9O5osx+4FcOQuTvr3A9F2D9S5JXheN0ewNbrvK2UatkTRhL5ejGmGSjNMiZuw=="
    },
    "ts-simple-interfaces": {
      "version": "0.1.1",
      "resolved": "https://registry.npmjs.org/ts-simple-interfaces/-/ts-simple-interfaces-0.1.1.tgz",
      "integrity": "sha512-z+O2mziEzyC6EjF6zT1YgiiVf8dEybdq8dGYXW2odKXSgq3xjL1b18gvtZL/KhTHw2JcFQxMNjGgT/LkLFq/fQ==",
      "requires": {
        "@openfinance/http-errors": "^1.1.0"
      }
    }
  }
}
