{
  "name": "ts-api-client-examples",
  "version": "0.1.0",
  "lockfileVersion": 1,
  "requires": true,
  "dependencies": {
    "ts-simple-interfaces": {
      "version": "0.3.1",
      "resolved": "https://registry.npmjs.org/ts-simple-interfaces/-/ts-simple-interfaces-0.3.1.tgz",
      "integrity": "sha512-4FEUGQsCVilhGs+WJAbvLlI2JuWHjId0Dp7WlKut2PxTkpLyaxFdz8m7AICdLGdPCpapW3YCH7r6ptYD8MVYyA==",
      "requires": {
        "@openfinance/http-errors": "^1.1.0"
      },
      "dependencies": {
        "@openfinance/http-errors": {
          "version": "1.5.0",
          "resolved": "https://registry.npmjs.org/@openfinance/http-errors/-/http-errors-1.5.0.tgz",
          "integrity": "sha512-PEwXfcZYrbME3Gv+wZ8yZ9XVlbNSWceQgisFqpTukLxTVgBFzaLTtujye2EzlneYRflnp5N0qco4kAnU2uO4GQ=="
        }
      }
    }
  }
}
